
Microsoft Visual Studio Solution File, Format Version 12.00
Project("{2150E333-8FDC-42A3-9474-1A3956D46DE8}") = "src", "src", "{90697575-0A90-4F77-9EA9-F702649D436B}"
EndProject
Project("{2150E333-8FDC-42A3-9474-1A3956D46DE8}") = "SolutionItems", "SolutionItems", "{B6FC9627-DFED-49C3-B187-8077BD6C3D71}"
EndProject
Project("{2150E333-8FDC-42A3-9474-1A3956D46DE8}") = "AppGateways", "AppGateways", "{AF223616-A0D4-4857-8DEB-58601B1CC70F}"
EndProject
Project("{2150E333-8FDC-42A3-9474-1A3956D46DE8}") = "BuildingBlocks", "BuildingBlocks", "{ED1DD73D-4FC2-4983-A933-1117FB9829DA}"
EndProject
Project("{2150E333-8FDC-42A3-9474-1A3956D46DE8}") = "Services", "Services", "{5B2EBDFB-E18F-44CB-9174-52266481DDE5}"
EndProject
Project("{2150E333-8FDC-42A3-9474-1A3956D46DE8}") = "WebApiGateway", "WebApiGateway", "{60558648-A98D-40BF-BD3F-14998454B418}"
EndProject
Project("{FAE04EC0-301F-11D3-BF4B-00C04F79EFBC}") = "Web.ApiGateway", "src\AppGateways\WebApiGateway\Web.ApiGateway\Web.ApiGateway.csproj", "{A40906AD-763D-4661-A86E-9DC368C205BE}"
EndProject
Project("{2150E333-8FDC-42A3-9474-1A3956D46DE8}") = "EventBus", "EventBus", "{7EA84A37-2909-4F19-8CF2-89A0B125CBC0}"
EndProject
Project("{FAE04EC0-301F-11D3-BF4B-00C04F79EFBC}") = "EventBus.Base", "src\BuildingBlocks\EventBus\EventBus.Base\EventBus.Base.csproj", "{E86A1A75-CF69-4D28-8702-572D24D9FB1B}"
EndProject
Project("{FAE04EC0-301F-11D3-BF4B-00C04F79EFBC}") = "EventBus.Factory", "src\BuildingBlocks\EventBus\EventBus.Factory\EventBus.Factory.csproj", "{5E19213F-1CA0-4A92-8E43-DD05713E05B0}"
EndProject
Project("{FAE04EC0-301F-11D3-BF4B-00C04F79EFBC}") = "EventBus.AzureServiceBus", "src\BuildingBlocks\EventBus\EventBus.AzureServiceBus\EventBus.AzureServiceBus.csproj", "{C47320AD-CC8F-4FF8-B0C8-33ACD6BADF26}"
EndProject
Project("{FAE04EC0-301F-11D3-BF4B-00C04F79EFBC}") = "EventBus.RabbitMQ", "src\BuildingBlocks\EventBus\EventBus.RabbitMQ\EventBus.RabbitMQ.csproj", "{7811BA5A-90AF-429C-9536-730B30148278}"
EndProject
Global
	GlobalSection(SolutionConfigurationPlatforms) = preSolution
		Debug|Any CPU = Debug|Any CPU
		Release|Any CPU = Release|Any CPU
	EndGlobalSection
	GlobalSection(NestedProjects) = preSolution
		{AF223616-A0D4-4857-8DEB-58601B1CC70F} = {90697575-0A90-4F77-9EA9-F702649D436B}
		{ED1DD73D-4FC2-4983-A933-1117FB9829DA} = {90697575-0A90-4F77-9EA9-F702649D436B}
		{5B2EBDFB-E18F-44CB-9174-52266481DDE5} = {90697575-0A90-4F77-9EA9-F702649D436B}
		{60558648-A98D-40BF-BD3F-14998454B418} = {AF223616-A0D4-4857-8DEB-58601B1CC70F}
		{A40906AD-763D-4661-A86E-9DC368C205BE} = {60558648-A98D-40BF-BD3F-14998454B418}
		{7EA84A37-2909-4F19-8CF2-89A0B125CBC0} = {ED1DD73D-4FC2-4983-A933-1117FB9829DA}
		{E86A1A75-CF69-4D28-8702-572D24D9FB1B} = {7EA84A37-2909-4F19-8CF2-89A0B125CBC0}
		{5E19213F-1CA0-4A92-8E43-DD05713E05B0} = {7EA84A37-2909-4F19-8CF2-89A0B125CBC0}
		{C47320AD-CC8F-4FF8-B0C8-33ACD6BADF26} = {7EA84A37-2909-4F19-8CF2-89A0B125CBC0}
		{7811BA5A-90AF-429C-9536-730B30148278} = {7EA84A37-2909-4F19-8CF2-89A0B125CBC0}
	EndGlobalSection
	GlobalSection(ProjectConfigurationPlatforms) = postSolution
		{A40906AD-763D-4661-A86E-9DC368C205BE}.Debug|Any CPU.ActiveCfg = Debug|Any CPU
		{A40906AD-763D-4661-A86E-9DC368C205BE}.Debug|Any CPU.Build.0 = Debug|Any CPU
		{A40906AD-763D-4661-A86E-9DC368C205BE}.Release|Any CPU.ActiveCfg = Release|Any CPU
		{A40906AD-763D-4661-A86E-9DC368C205BE}.Release|Any CPU.Build.0 = Release|Any CPU
		{E86A1A75-CF69-4D28-8702-572D24D9FB1B}.Debug|Any CPU.ActiveCfg = Debug|Any CPU
		{E86A1A75-CF69-4D28-8702-572D24D9FB1B}.Debug|Any CPU.Build.0 = Debug|Any CPU
		{E86A1A75-CF69-4D28-8702-572D24D9FB1B}.Release|Any CPU.ActiveCfg = Release|Any CPU
		{E86A1A75-CF69-4D28-8702-572D24D9FB1B}.Release|Any CPU.Build.0 = Release|Any CPU
		{5E19213F-1CA0-4A92-8E43-DD05713E05B0}.Debug|Any CPU.ActiveCfg = Debug|Any CPU
		{5E19213F-1CA0-4A92-8E43-DD05713E05B0}.Debug|Any CPU.Build.0 = Debug|Any CPU
		{5E19213F-1CA0-4A92-8E43-DD05713E05B0}.Release|Any CPU.ActiveCfg = Release|Any CPU
		{5E19213F-1CA0-4A92-8E43-DD05713E05B0}.Release|Any CPU.Build.0 = Release|Any CPU
		{C47320AD-CC8F-4FF8-B0C8-33ACD6BADF26}.Debug|Any CPU.ActiveCfg = Debug|Any CPU
		{C47320AD-CC8F-4FF8-B0C8-33ACD6BADF26}.Debug|Any CPU.Build.0 = Debug|Any CPU
		{C47320AD-CC8F-4FF8-B0C8-33ACD6BADF26}.Release|Any CPU.ActiveCfg = Release|Any CPU
		{C47320AD-CC8F-4FF8-B0C8-33ACD6BADF26}.Release|Any CPU.Build.0 = Release|Any CPU
		{7811BA5A-90AF-429C-9536-730B30148278}.Debug|Any CPU.ActiveCfg = Debug|Any CPU
		{7811BA5A-90AF-429C-9536-730B30148278}.Debug|Any CPU.Build.0 = Debug|Any CPU
		{7811BA5A-90AF-429C-9536-730B30148278}.Release|Any CPU.ActiveCfg = Release|Any CPU
		{7811BA5A-90AF-429C-9536-730B30148278}.Release|Any CPU.Build.0 = Release|Any CPU
	EndGlobalSection
EndGlobal
