
Microsoft Visual Studio Solution File, Format Version 12.00
Project("{2150E333-8FDC-42A3-9474-1A3956D46DE8}") = "src", "src", "{90697575-0A90-4F77-9EA9-F702649D436B}"
EndProject
Project("{2150E333-8FDC-42A3-9474-1A3956D46DE8}") = "SolutionItems", "SolutionItems", "{B6FC9627-DFED-49C3-B187-8077BD6C3D71}"
	ProjectSection(SolutionItems) = preProject
		SolutionItems\ServiceUrls.json = SolutionItems\ServiceUrls.json
	EndProjectSection
EndProject
Project("{2150E333-8FDC-42A3-9474-1A3956D46DE8}") = "AppGateways", "AppGateways", "{AF223616-A0D4-4857-8DEB-58601B1CC70F}"
EndProject
Project("{2150E333-8FDC-42A3-9474-1A3956D46DE8}") = "BuildingBlocks", "BuildingBlocks", "{ED1DD73D-4FC2-4983-A933-1117FB9829DA}"
EndProject
Project("{2150E333-8FDC-42A3-9474-1A3956D46DE8}") = "Services", "Services", "{5B2EBDFB-E18F-44CB-9174-52266481DDE5}"
EndProject
Project("{2150E333-8FDC-42A3-9474-1A3956D46DE8}") = "WebApiGateway", "WebApiGateway", "{60558648-A98D-40BF-BD3F-14998454B418}"
EndProject
Project("{FAE04EC0-301F-11D3-BF4B-00C04F79EFBC}") = "Web.ApiGateway", "src\AppGateways\WebApiGateway\Web.ApiGateway\Web.ApiGateway.csproj", "{A40906AD-763D-4661-A86E-9DC368C205BE}"
EndProject
Project("{2150E333-8FDC-42A3-9474-1A3956D46DE8}") = "EventBus", "EventBus", "{7EA84A37-2909-4F19-8CF2-89A0B125CBC0}"
EndProject
Project("{FAE04EC0-301F-11D3-BF4B-00C04F79EFBC}") = "EventBus.Base", "src\BuildingBlocks\EventBus\EventBus.Base\EventBus.Base.csproj", "{E86A1A75-CF69-4D28-8702-572D24D9FB1B}"
EndProject
Project("{FAE04EC0-301F-11D3-BF4B-00C04F79EFBC}") = "EventBus.Factory", "src\BuildingBlocks\EventBus\EventBus.Factory\EventBus.Factory.csproj", "{5E19213F-1CA0-4A92-8E43-DD05713E05B0}"
EndProject
Project("{FAE04EC0-301F-11D3-BF4B-00C04F79EFBC}") = "EventBus.AzureServiceBus", "src\BuildingBlocks\EventBus\EventBus.AzureServiceBus\EventBus.AzureServiceBus.csproj", "{C47320AD-CC8F-4FF8-B0C8-33ACD6BADF26}"
EndProject
Project("{FAE04EC0-301F-11D3-BF4B-00C04F79EFBC}") = "EventBus.RabbitMQ", "src\BuildingBlocks\EventBus\EventBus.RabbitMQ\EventBus.RabbitMQ.csproj", "{7811BA5A-90AF-429C-9536-730B30148278}"
EndProject
Project("{2150E333-8FDC-42A3-9474-1A3956D46DE8}") = "BasketService", "BasketService", "{6D54094B-BA79-4214-9A98-42C5CD7374B8}"
EndProject
Project("{FAE04EC0-301F-11D3-BF4B-00C04F79EFBC}") = "BasketService.Api", "src\Services\BasketService\BasketService.Api\BasketService.Api.csproj", "{8E6900B0-A3F6-4A98-A7AA-4100FCDCFE4B}"
EndProject
Project("{2150E333-8FDC-42A3-9474-1A3956D46DE8}") = "CatalogService", "CatalogService", "{ADAC36E0-4F59-4A27-B2CE-71A2B9D483A7}"
EndProject
Project("{FAE04EC0-301F-11D3-BF4B-00C04F79EFBC}") = "CatalogService.Api", "src\Services\CatalogService\CatalogService.Api\CatalogService.Api.csproj", "{AD314695-A87A-4F06-9F60-D2EB4FEEC615}"
EndProject
Project("{2150E333-8FDC-42A3-9474-1A3956D46DE8}") = "IdentityService", "IdentityService", "{63C685DE-56A9-41BE-AC40-8D24BFC264AA}"
EndProject
Project("{FAE04EC0-301F-11D3-BF4B-00C04F79EFBC}") = "IdentityService.Api", "src\Services\IdentityService\IdentityService.Api\IdentityService.Api.csproj", "{B7964A90-02E9-483F-A085-742DCD308CC4}"
EndProject
Project("{2150E333-8FDC-42A3-9474-1A3956D46DE8}") = "NotificationService", "NotificationService", "{6284DF8B-537C-48DC-BA3B-0A33EE7A226D}"
EndProject
Project("{FAE04EC0-301F-11D3-BF4B-00C04F79EFBC}") = "NotificationService", "src\Services\NotificationService\NotificationService\NotificationService.csproj", "{EDF9ECAE-DDDB-465E-952F-B6B13C9D5264}"
EndProject
Project("{2150E333-8FDC-42A3-9474-1A3956D46DE8}") = "OrderService", "OrderService", "{DFB4243D-D602-4915-A8C4-82C274F03E61}"
EndProject
Project("{FAE04EC0-301F-11D3-BF4B-00C04F79EFBC}") = "OrderService.Api", "src\Services\OrderService\OrderService.Api\OrderService.Api.csproj", "{5225353A-DF26-441D-9843-24B8792863BA}"
EndProject
Project("{FAE04EC0-301F-11D3-BF4B-00C04F79EFBC}") = "OrderService.Domain", "src\Services\OrderService\OrderService.Domain\OrderService.Domain.csproj", "{EFF67902-5CE6-49B5-BF40-CD21F02AD0F7}"
EndProject
Project("{FAE04EC0-301F-11D3-BF4B-00C04F79EFBC}") = "OrderService.Application", "src\Services\OrderService\OrderService.Application\OrderService.Application.csproj", "{37026E75-21C7-49FD-861E-B5E89D3C83DD}"
EndProject
Project("{FAE04EC0-301F-11D3-BF4B-00C04F79EFBC}") = "OrderService.Infrastructure", "src\Services\OrderService\OrderService.Infrastructure\OrderService.Infrastructure.csproj", "{68E1E5D5-9B6C-4296-8914-2FA310121CB2}"
EndProject
Project("{2150E333-8FDC-42A3-9474-1A3956D46DE8}") = "PaymentService", "PaymentService", "{0492ADEC-1E14-42F2-9826-FE92B79A23E8}"
EndProject
Project("{FAE04EC0-301F-11D3-BF4B-00C04F79EFBC}") = "PaymentService.Api", "src\Services\PaymentService\PaymentService.Api\PaymentService.Api.csproj", "{62C6CB0C-3BFC-4AD3-9AFB-35FF245D85DB}"
EndProject
Global
	GlobalSection(SolutionConfigurationPlatforms) = preSolution
		Debug|Any CPU = Debug|Any CPU
		Release|Any CPU = Release|Any CPU
	EndGlobalSection
	GlobalSection(NestedProjects) = preSolution
		{AF223616-A0D4-4857-8DEB-58601B1CC70F} = {90697575-0A90-4F77-9EA9-F702649D436B}
		{ED1DD73D-4FC2-4983-A933-1117FB9829DA} = {90697575-0A90-4F77-9EA9-F702649D436B}
		{5B2EBDFB-E18F-44CB-9174-52266481DDE5} = {90697575-0A90-4F77-9EA9-F702649D436B}
		{60558648-A98D-40BF-BD3F-14998454B418} = {AF223616-A0D4-4857-8DEB-58601B1CC70F}
		{A40906AD-763D-4661-A86E-9DC368C205BE} = {60558648-A98D-40BF-BD3F-14998454B418}
		{7EA84A37-2909-4F19-8CF2-89A0B125CBC0} = {ED1DD73D-4FC2-4983-A933-1117FB9829DA}
		{E86A1A75-CF69-4D28-8702-572D24D9FB1B} = {7EA84A37-2909-4F19-8CF2-89A0B125CBC0}
		{5E19213F-1CA0-4A92-8E43-DD05713E05B0} = {7EA84A37-2909-4F19-8CF2-89A0B125CBC0}
		{C47320AD-CC8F-4FF8-B0C8-33ACD6BADF26} = {7EA84A37-2909-4F19-8CF2-89A0B125CBC0}
		{7811BA5A-90AF-429C-9536-730B30148278} = {7EA84A37-2909-4F19-8CF2-89A0B125CBC0}
		{6D54094B-BA79-4214-9A98-42C5CD7374B8} = {5B2EBDFB-E18F-44CB-9174-52266481DDE5}
		{8E6900B0-A3F6-4A98-A7AA-4100FCDCFE4B} = {6D54094B-BA79-4214-9A98-42C5CD7374B8}
		{ADAC36E0-4F59-4A27-B2CE-71A2B9D483A7} = {5B2EBDFB-E18F-44CB-9174-52266481DDE5}
		{AD314695-A87A-4F06-9F60-D2EB4FEEC615} = {ADAC36E0-4F59-4A27-B2CE-71A2B9D483A7}
		{63C685DE-56A9-41BE-AC40-8D24BFC264AA} = {5B2EBDFB-E18F-44CB-9174-52266481DDE5}
		{B7964A90-02E9-483F-A085-742DCD308CC4} = {63C685DE-56A9-41BE-AC40-8D24BFC264AA}
		{6284DF8B-537C-48DC-BA3B-0A33EE7A226D} = {5B2EBDFB-E18F-44CB-9174-52266481DDE5}
		{EDF9ECAE-DDDB-465E-952F-B6B13C9D5264} = {6284DF8B-537C-48DC-BA3B-0A33EE7A226D}
		{DFB4243D-D602-4915-A8C4-82C274F03E61} = {5B2EBDFB-E18F-44CB-9174-52266481DDE5}
		{5225353A-DF26-441D-9843-24B8792863BA} = {DFB4243D-D602-4915-A8C4-82C274F03E61}
		{EFF67902-5CE6-49B5-BF40-CD21F02AD0F7} = {DFB4243D-D602-4915-A8C4-82C274F03E61}
		{37026E75-21C7-49FD-861E-B5E89D3C83DD} = {DFB4243D-D602-4915-A8C4-82C274F03E61}
		{68E1E5D5-9B6C-4296-8914-2FA310121CB2} = {DFB4243D-D602-4915-A8C4-82C274F03E61}
		{0492ADEC-1E14-42F2-9826-FE92B79A23E8} = {5B2EBDFB-E18F-44CB-9174-52266481DDE5}
		{62C6CB0C-3BFC-4AD3-9AFB-35FF245D85DB} = {0492ADEC-1E14-42F2-9826-FE92B79A23E8}
	EndGlobalSection
	GlobalSection(ProjectConfigurationPlatforms) = postSolution
		{A40906AD-763D-4661-A86E-9DC368C205BE}.Debug|Any CPU.ActiveCfg = Debug|Any CPU
		{A40906AD-763D-4661-A86E-9DC368C205BE}.Debug|Any CPU.Build.0 = Debug|Any CPU
		{A40906AD-763D-4661-A86E-9DC368C205BE}.Release|Any CPU.ActiveCfg = Release|Any CPU
		{A40906AD-763D-4661-A86E-9DC368C205BE}.Release|Any CPU.Build.0 = Release|Any CPU
		{E86A1A75-CF69-4D28-8702-572D24D9FB1B}.Debug|Any CPU.ActiveCfg = Debug|Any CPU
		{E86A1A75-CF69-4D28-8702-572D24D9FB1B}.Debug|Any CPU.Build.0 = Debug|Any CPU
		{E86A1A75-CF69-4D28-8702-572D24D9FB1B}.Release|Any CPU.ActiveCfg = Release|Any CPU
		{E86A1A75-CF69-4D28-8702-572D24D9FB1B}.Release|Any CPU.Build.0 = Release|Any CPU
		{5E19213F-1CA0-4A92-8E43-DD05713E05B0}.Debug|Any CPU.ActiveCfg = Debug|Any CPU
		{5E19213F-1CA0-4A92-8E43-DD05713E05B0}.Debug|Any CPU.Build.0 = Debug|Any CPU
		{5E19213F-1CA0-4A92-8E43-DD05713E05B0}.Release|Any CPU.ActiveCfg = Release|Any CPU
		{5E19213F-1CA0-4A92-8E43-DD05713E05B0}.Release|Any CPU.Build.0 = Release|Any CPU
		{C47320AD-CC8F-4FF8-B0C8-33ACD6BADF26}.Debug|Any CPU.ActiveCfg = Debug|Any CPU
		{C47320AD-CC8F-4FF8-B0C8-33ACD6BADF26}.Debug|Any CPU.Build.0 = Debug|Any CPU
		{C47320AD-CC8F-4FF8-B0C8-33ACD6BADF26}.Release|Any CPU.ActiveCfg = Release|Any CPU
		{C47320AD-CC8F-4FF8-B0C8-33ACD6BADF26}.Release|Any CPU.Build.0 = Release|Any CPU
		{7811BA5A-90AF-429C-9536-730B30148278}.Debug|Any CPU.ActiveCfg = Debug|Any CPU
		{7811BA5A-90AF-429C-9536-730B30148278}.Debug|Any CPU.Build.0 = Debug|Any CPU
		{7811BA5A-90AF-429C-9536-730B30148278}.Release|Any CPU.ActiveCfg = Release|Any CPU
		{7811BA5A-90AF-429C-9536-730B30148278}.Release|Any CPU.Build.0 = Release|Any CPU
		{8E6900B0-A3F6-4A98-A7AA-4100FCDCFE4B}.Debug|Any CPU.ActiveCfg = Debug|Any CPU
		{8E6900B0-A3F6-4A98-A7AA-4100FCDCFE4B}.Debug|Any CPU.Build.0 = Debug|Any CPU
		{8E6900B0-A3F6-4A98-A7AA-4100FCDCFE4B}.Release|Any CPU.ActiveCfg = Release|Any CPU
		{8E6900B0-A3F6-4A98-A7AA-4100FCDCFE4B}.Release|Any CPU.Build.0 = Release|Any CPU
		{AD314695-A87A-4F06-9F60-D2EB4FEEC615}.Debug|Any CPU.ActiveCfg = Debug|Any CPU
		{AD314695-A87A-4F06-9F60-D2EB4FEEC615}.Debug|Any CPU.Build.0 = Debug|Any CPU
		{AD314695-A87A-4F06-9F60-D2EB4FEEC615}.Release|Any CPU.ActiveCfg = Release|Any CPU
		{AD314695-A87A-4F06-9F60-D2EB4FEEC615}.Release|Any CPU.Build.0 = Release|Any CPU
		{B7964A90-02E9-483F-A085-742DCD308CC4}.Debug|Any CPU.ActiveCfg = Debug|Any CPU
		{B7964A90-02E9-483F-A085-742DCD308CC4}.Debug|Any CPU.Build.0 = Debug|Any CPU
		{B7964A90-02E9-483F-A085-742DCD308CC4}.Release|Any CPU.ActiveCfg = Release|Any CPU
		{B7964A90-02E9-483F-A085-742DCD308CC4}.Release|Any CPU.Build.0 = Release|Any CPU
		{EDF9ECAE-DDDB-465E-952F-B6B13C9D5264}.Debug|Any CPU.ActiveCfg = Debug|Any CPU
		{EDF9ECAE-DDDB-465E-952F-B6B13C9D5264}.Debug|Any CPU.Build.0 = Debug|Any CPU
		{EDF9ECAE-DDDB-465E-952F-B6B13C9D5264}.Release|Any CPU.ActiveCfg = Release|Any CPU
		{EDF9ECAE-DDDB-465E-952F-B6B13C9D5264}.Release|Any CPU.Build.0 = Release|Any CPU
		{5225353A-DF26-441D-9843-24B8792863BA}.Debug|Any CPU.ActiveCfg = Debug|Any CPU
		{5225353A-DF26-441D-9843-24B8792863BA}.Debug|Any CPU.Build.0 = Debug|Any CPU
		{5225353A-DF26-441D-9843-24B8792863BA}.Release|Any CPU.ActiveCfg = Release|Any CPU
		{5225353A-DF26-441D-9843-24B8792863BA}.Release|Any CPU.Build.0 = Release|Any CPU
		{EFF67902-5CE6-49B5-BF40-CD21F02AD0F7}.Debug|Any CPU.ActiveCfg = Debug|Any CPU
		{EFF67902-5CE6-49B5-BF40-CD21F02AD0F7}.Debug|Any CPU.Build.0 = Debug|Any CPU
		{EFF67902-5CE6-49B5-BF40-CD21F02AD0F7}.Release|Any CPU.ActiveCfg = Release|Any CPU
		{EFF67902-5CE6-49B5-BF40-CD21F02AD0F7}.Release|Any CPU.Build.0 = Release|Any CPU
		{37026E75-21C7-49FD-861E-B5E89D3C83DD}.Debug|Any CPU.ActiveCfg = Debug|Any CPU
		{37026E75-21C7-49FD-861E-B5E89D3C83DD}.Debug|Any CPU.Build.0 = Debug|Any CPU
		{37026E75-21C7-49FD-861E-B5E89D3C83DD}.Release|Any CPU.ActiveCfg = Release|Any CPU
		{37026E75-21C7-49FD-861E-B5E89D3C83DD}.Release|Any CPU.Build.0 = Release|Any CPU
		{68E1E5D5-9B6C-4296-8914-2FA310121CB2}.Debug|Any CPU.ActiveCfg = Debug|Any CPU
		{68E1E5D5-9B6C-4296-8914-2FA310121CB2}.Debug|Any CPU.Build.0 = Debug|Any CPU
		{68E1E5D5-9B6C-4296-8914-2FA310121CB2}.Release|Any CPU.ActiveCfg = Release|Any CPU
		{68E1E5D5-9B6C-4296-8914-2FA310121CB2}.Release|Any CPU.Build.0 = Release|Any CPU
		{62C6CB0C-3BFC-4AD3-9AFB-35FF245D85DB}.Debug|Any CPU.ActiveCfg = Debug|Any CPU
		{62C6CB0C-3BFC-4AD3-9AFB-35FF245D85DB}.Debug|Any CPU.Build.0 = Debug|Any CPU
		{62C6CB0C-3BFC-4AD3-9AFB-35FF245D85DB}.Release|Any CPU.ActiveCfg = Release|Any CPU
		{62C6CB0C-3BFC-4AD3-9AFB-35FF245D85DB}.Release|Any CPU.Build.0 = Release|Any CPU
	EndGlobalSection
EndGlobal
